// !$*UTF8*$!
{
	archiveVersion = 1;
	classes = {
	};
	objectVersion = 46;
	objects = {

/* Begin PBXBuildFile section */
		189319558B45F7CA74C8A8EF /* Pods_AutoKeyboardScrollView_Example.framework in Frameworks */ = {isa = PBXBuildFile; fileRef = F85836313B23634576CBCD76 /* Pods_AutoKeyboardScrollView_Example.framework */; settings = {ATTRIBUTES = (Weak, ); }; };
		607FACD61AFB9204008FA782 /* AppDelegate.swift in Sources */ = {isa = PBXBuildFile; fileRef = 607FACD51AFB9204008FA782 /* AppDelegate.swift */; };
		607FACD81AFB9204008FA782 /* ViewController.swift in Sources */ = {isa = PBXBuildFile; fileRef = 607FACD71AFB9204008FA782 /* ViewController.swift */; };
		607FACDD1AFB9204008FA782 /* Images.xcassets in Resources */ = {isa = PBXBuildFile; fileRef = 607FACDC1AFB9204008FA782 /* Images.xcassets */; };
		607FACE01AFB9204008FA782 /* LaunchScreen.xib in Resources */ = {isa = PBXBuildFile; fileRef = 607FACDE1AFB9204008FA782 /* LaunchScreen.xib */; };
		607FACEC1AFB9204008FA782 /* Tests.swift in Sources */ = {isa = PBXBuildFile; fileRef = 607FACEB1AFB9204008FA782 /* Tests.swift */; };
		648E10DAA90969622E765FDB /* Pods_AutoKeyboardScrollView_Interface_Builder_Example.framework in Frameworks */ = {isa = PBXBuildFile; fileRef = BE859BB109DBC3F310D30A35 /* Pods_AutoKeyboardScrollView_Interface_Builder_Example.framework */; settings = {ATTRIBUTES = (Weak, ); }; };
		6E5877878FFEDE0F30BF5CD8 /* Pods_AutoKeyboardScrollView_Interface_Builder_Example_Tests.framework in Frameworks */ = {isa = PBXBuildFile; fileRef = FF43ECCA0ECA5E6709FEBEE2 /* Pods_AutoKeyboardScrollView_Interface_Builder_Example_Tests.framework */; settings = {ATTRIBUTES = (Weak, ); }; };
		B86DF05D3889050E081DB30A /* Pods_AutoKeyboardScrollView_Tests.framework in Frameworks */ = {isa = PBXBuildFile; fileRef = 324ACA796B5276937D7A4D4F /* Pods_AutoKeyboardScrollView_Tests.framework */; settings = {ATTRIBUTES = (Weak, ); }; };
		E43202091B58984C00FCD7C9 /* Main.storyboard in Resources */ = {isa = PBXBuildFile; fileRef = E43202081B58984C00FCD7C9 /* Main.storyboard */; };
		E4B0D7021B555DD000DD4055 /* AppDelegate.swift in Sources */ = {isa = PBXBuildFile; fileRef = E4B0D7011B555DD000DD4055 /* AppDelegate.swift */; };
		E4B0D7041B555DD000DD4055 /* ViewController.swift in Sources */ = {isa = PBXBuildFile; fileRef = E4B0D7031B555DD000DD4055 /* ViewController.swift */; };
		E4B0D7091B555DD000DD4055 /* Images.xcassets in Resources */ = {isa = PBXBuildFile; fileRef = E4B0D7081B555DD000DD4055 /* Images.xcassets */; };
		E4B0D70C1B555DD000DD4055 /* LaunchScreen.xib in Resources */ = {isa = PBXBuildFile; fileRef = E4B0D70A1B555DD000DD4055 /* LaunchScreen.xib */; };
		E4B0D7181B555DD000DD4055 /* AutoKeyboardScrollView_Interface_Builder_Example_Tests.swift in Sources */ = {isa = PBXBuildFile; fileRef = E4B0D7171B555DD000DD4055 /* AutoKeyboardScrollView_Interface_Builder_Example_Tests.swift */; };
/* End PBXBuildFile section */

/* Begin PBXContainerItemProxy section */
		607FACE61AFB9204008FA782 /* PBXContainerItemProxy */ = {
			isa = PBXContainerItemProxy;
			containerPortal = 607FACC81AFB9204008FA782 /* Project object */;
			proxyType = 1;
			remoteGlobalIDString = 607FACCF1AFB9204008FA782;
			remoteInfo = AutoKeyboardScrollView;
		};
		E4B0D7121B555DD000DD4055 /* PBXContainerItemProxy */ = {
			isa = PBXContainerItemProxy;
			containerPortal = 607FACC81AFB9204008FA782 /* Project object */;
			proxyType = 1;
			remoteGlobalIDString = E4B0D6FC1B555DD000DD4055;
			remoteInfo = AutoKeyboardScrollView_Interface_Builder_Example;
		};
/* End PBXContainerItemProxy section */

/* Begin PBXFileReference section */
		0A15C489D25C2525D265400C /* Pods-AutoKeyboardScrollView_Interface_Builder_Example_Tests.release.xcconfig */ = {isa = PBXFileReference; includeInIndex = 1; lastKnownFileType = text.xcconfig; name = "Pods-AutoKeyboardScrollView_Interface_Builder_Example_Tests.release.xcconfig"; path = "Pods/Target Support Files/Pods-AutoKeyboardScrollView_Interface_Builder_Example_Tests/Pods-AutoKeyboardScrollView_Interface_Builder_Example_Tests.release.xcconfig"; sourceTree = "<group>"; };
		0B2379417C025A511ED6273A /* Pods-AutoKeyboardScrollView_Tests.release.xcconfig */ = {isa = PBXFileReference; includeInIndex = 1; lastKnownFileType = text.xcconfig; name = "Pods-AutoKeyboardScrollView_Tests.release.xcconfig"; path = "Pods/Target Support Files/Pods-AutoKeyboardScrollView_Tests/Pods-AutoKeyboardScrollView_Tests.release.xcconfig"; sourceTree = "<group>"; };
		0D668F2E2715E370C9383C49 /* Pods-AutoKeyboardScrollView_Example.debug.xcconfig */ = {isa = PBXFileReference; includeInIndex = 1; lastKnownFileType = text.xcconfig; name = "Pods-AutoKeyboardScrollView_Example.debug.xcconfig"; path = "Pods/Target Support Files/Pods-AutoKeyboardScrollView_Example/Pods-AutoKeyboardScrollView_Example.debug.xcconfig"; sourceTree = "<group>"; };
		1B341215B882354EA58D5F75 /* Pods-AutoKeyboardScrollView_Interface_Builder_Example_Tests.debug.xcconfig */ = {isa = PBXFileReference; includeInIndex = 1; lastKnownFileType = text.xcconfig; name = "Pods-AutoKeyboardScrollView_Interface_Builder_Example_Tests.debug.xcconfig"; path = "Pods/Target Support Files/Pods-AutoKeyboardScrollView_Interface_Builder_Example_Tests/Pods-AutoKeyboardScrollView_Interface_Builder_Example_Tests.debug.xcconfig"; sourceTree = "<group>"; };
		324ACA796B5276937D7A4D4F /* Pods_AutoKeyboardScrollView_Tests.framework */ = {isa = PBXFileReference; explicitFileType = wrapper.framework; includeInIndex = 0; path = Pods_AutoKeyboardScrollView_Tests.framework; sourceTree = BUILT_PRODUCTS_DIR; };
		607FACD01AFB9204008FA782 /* AutoKeyboardScrollView_Example.app */ = {isa = PBXFileReference; explicitFileType = wrapper.application; includeInIndex = 0; path = AutoKeyboardScrollView_Example.app; sourceTree = BUILT_PRODUCTS_DIR; };
		607FACD41AFB9204008FA782 /* Info.plist */ = {isa = PBXFileReference; lastKnownFileType = text.plist.xml; path = Info.plist; sourceTree = "<group>"; };
		607FACD51AFB9204008FA782 /* AppDelegate.swift */ = {isa = PBXFileReference; lastKnownFileType = sourcecode.swift; path = AppDelegate.swift; sourceTree = "<group>"; };
		607FACD71AFB9204008FA782 /* ViewController.swift */ = {isa = PBXFileReference; lastKnownFileType = sourcecode.swift; path = ViewController.swift; sourceTree = "<group>"; };
		607FACDC1AFB9204008FA782 /* Images.xcassets */ = {isa = PBXFileReference; lastKnownFileType = folder.assetcatalog; path = Images.xcassets; sourceTree = "<group>"; };
		607FACDF1AFB9204008FA782 /* Base */ = {isa = PBXFileReference; lastKnownFileType = file.xib; name = Base; path = Base.lproj/LaunchScreen.xib; sourceTree = "<group>"; };
		607FACE51AFB9204008FA782 /* AutoKeyboardScrollView_Tests.xctest */ = {isa = PBXFileReference; explicitFileType = wrapper.cfbundle; includeInIndex = 0; path = AutoKeyboardScrollView_Tests.xctest; sourceTree = BUILT_PRODUCTS_DIR; };
		607FACEA1AFB9204008FA782 /* Info.plist */ = {isa = PBXFileReference; lastKnownFileType = text.plist.xml; path = Info.plist; sourceTree = "<group>"; };
		607FACEB1AFB9204008FA782 /* Tests.swift */ = {isa = PBXFileReference; lastKnownFileType = sourcecode.swift; path = Tests.swift; sourceTree = "<group>"; };
		652A97B97443F276DD179030 /* Pods-AutoKeyboardScrollView_Interface_Builder_Example.debug.xcconfig */ = {isa = PBXFileReference; includeInIndex = 1; lastKnownFileType = text.xcconfig; name = "Pods-AutoKeyboardScrollView_Interface_Builder_Example.debug.xcconfig"; path = "Pods/Target Support Files/Pods-AutoKeyboardScrollView_Interface_Builder_Example/Pods-AutoKeyboardScrollView_Interface_Builder_Example.debug.xcconfig"; sourceTree = "<group>"; };
		8BC5D712B8B492349E019E4C /* LICENSE */ = {isa = PBXFileReference; includeInIndex = 1; lastKnownFileType = text; name = LICENSE; path = ../LICENSE; sourceTree = "<group>"; };
		9A15E00113EFE79A3FC683EE /* AutoKeyboardScrollView.podspec */ = {isa = PBXFileReference; includeInIndex = 1; lastKnownFileType = text; name = AutoKeyboardScrollView.podspec; path = ../AutoKeyboardScrollView.podspec; sourceTree = "<group>"; };
		BE859BB109DBC3F310D30A35 /* Pods_AutoKeyboardScrollView_Interface_Builder_Example.framework */ = {isa = PBXFileReference; explicitFileType = wrapper.framework; includeInIndex = 0; path = Pods_AutoKeyboardScrollView_Interface_Builder_Example.framework; sourceTree = BUILT_PRODUCTS_DIR; };
		C51FB003352AC080875869F9 /* README.md */ = {isa = PBXFileReference; includeInIndex = 1; lastKnownFileType = net.daringfireball.markdown; name = README.md; path = ../README.md; sourceTree = "<group>"; };
		C993E9935F5754A1B4C8AFCB /* Pods-AutoKeyboardScrollView_Example.release.xcconfig */ = {isa = PBXFileReference; includeInIndex = 1; lastKnownFileType = text.xcconfig; name = "Pods-AutoKeyboardScrollView_Example.release.xcconfig"; path = "Pods/Target Support Files/Pods-AutoKeyboardScrollView_Example/Pods-AutoKeyboardScrollView_Example.release.xcconfig"; sourceTree = "<group>"; };
		E1839BD3BC0ABC91EDCF24DE /* Pods-AutoKeyboardScrollView_Interface_Builder_Example.release.xcconfig */ = {isa = PBXFileReference; includeInIndex = 1; lastKnownFileType = text.xcconfig; name = "Pods-AutoKeyboardScrollView_Interface_Builder_Example.release.xcconfig"; path = "Pods/Target Support Files/Pods-AutoKeyboardScrollView_Interface_Builder_Example/Pods-AutoKeyboardScrollView_Interface_Builder_Example.release.xcconfig"; sourceTree = "<group>"; };
		E43202081B58984C00FCD7C9 /* Main.storyboard */ = {isa = PBXFileReference; fileEncoding = 4; lastKnownFileType = file.storyboard; path = Main.storyboard; sourceTree = "<group>"; };
		E4B0D6FD1B555DD000DD4055 /* AutoKeyboardScrollView_Interface_Builder_Example.app */ = {isa = PBXFileReference; explicitFileType = wrapper.application; includeInIndex = 0; path = AutoKeyboardScrollView_Interface_Builder_Example.app; sourceTree = BUILT_PRODUCTS_DIR; };
		E4B0D7001B555DD000DD4055 /* Info.plist */ = {isa = PBXFileReference; lastKnownFileType = text.plist.xml; path = Info.plist; sourceTree = "<group>"; };
		E4B0D7011B555DD000DD4055 /* AppDelegate.swift */ = {isa = PBXFileReference; lastKnownFileType = sourcecode.swift; path = AppDelegate.swift; sourceTree = "<group>"; };
		E4B0D7031B555DD000DD4055 /* ViewController.swift */ = {isa = PBXFileReference; lastKnownFileType = sourcecode.swift; path = ViewController.swift; sourceTree = "<group>"; };
		E4B0D7081B555DD000DD4055 /* Images.xcassets */ = {isa = PBXFileReference; lastKnownFileType = folder.assetcatalog; path = Images.xcassets; sourceTree = "<group>"; };
		E4B0D70B1B555DD000DD4055 /* Base */ = {isa = PBXFileReference; lastKnownFileType = file.xib; name = Base; path = Base.lproj/LaunchScreen.xib; sourceTree = "<group>"; };
		E4B0D7111B555DD000DD4055 /* AutoKeyboardScrollView_Interface_Builder_ExampleTests.xctest */ = {isa = PBXFileReference; explicitFileType = wrapper.cfbundle; includeInIndex = 0; name = AutoKeyboardScrollView_Interface_Builder_ExampleTests.xctest; path = AutoKeyboardScrollView_Interface_Builder_Example_Tests.xctest; sourceTree = BUILT_PRODUCTS_DIR; };
		E4B0D7161B555DD000DD4055 /* Info.plist */ = {isa = PBXFileReference; lastKnownFileType = text.plist.xml; path = Info.plist; sourceTree = "<group>"; };
		E4B0D7171B555DD000DD4055 /* AutoKeyboardScrollView_Interface_Builder_Example_Tests.swift */ = {isa = PBXFileReference; lastKnownFileType = sourcecode.swift; path = AutoKeyboardScrollView_Interface_Builder_Example_Tests.swift; sourceTree = "<group>"; };
		E7551564CBD6119131583A7A /* Pods-AutoKeyboardScrollView_Tests.debug.xcconfig */ = {isa = PBXFileReference; includeInIndex = 1; lastKnownFileType = text.xcconfig; name = "Pods-AutoKeyboardScrollView_Tests.debug.xcconfig"; path = "Pods/Target Support Files/Pods-AutoKeyboardScrollView_Tests/Pods-AutoKeyboardScrollView_Tests.debug.xcconfig"; sourceTree = "<group>"; };
		F85836313B23634576CBCD76 /* Pods_AutoKeyboardScrollView_Example.framework */ = {isa = PBXFileReference; explicitFileType = wrapper.framework; includeInIndex = 0; path = Pods_AutoKeyboardScrollView_Example.framework; sourceTree = BUILT_PRODUCTS_DIR; };
		FF43ECCA0ECA5E6709FEBEE2 /* Pods_AutoKeyboardScrollView_Interface_Builder_Example_Tests.framework */ = {isa = PBXFileReference; explicitFileType = wrapper.framework; includeInIndex = 0; path = Pods_AutoKeyboardScrollView_Interface_Builder_Example_Tests.framework; sourceTree = BUILT_PRODUCTS_DIR; };
/* End PBXFileReference section */

/* Begin PBXFrameworksBuildPhase section */
		607FACCD1AFB9204008FA782 /* Frameworks */ = {
			isa = PBXFrameworksBuildPhase;
			buildActionMask = 2147483647;
			files = (
				189319558B45F7CA74C8A8EF /* Pods_AutoKeyboardScrollView_Example.framework in Frameworks */,
			);
			runOnlyForDeploymentPostprocessing = 0;
		};
		607FACE21AFB9204008FA782 /* Frameworks */ = {
			isa = PBXFrameworksBuildPhase;
			buildActionMask = 2147483647;
			files = (
				B86DF05D3889050E081DB30A /* Pods_AutoKeyboardScrollView_Tests.framework in Frameworks */,
			);
			runOnlyForDeploymentPostprocessing = 0;
		};
		E4B0D6FA1B555DD000DD4055 /* Frameworks */ = {
			isa = PBXFrameworksBuildPhase;
			buildActionMask = 2147483647;
			files = (
				648E10DAA90969622E765FDB /* Pods_AutoKeyboardScrollView_Interface_Builder_Example.framework in Frameworks */,
			);
			runOnlyForDeploymentPostprocessing = 0;
		};
		E4B0D70E1B555DD000DD4055 /* Frameworks */ = {
			isa = PBXFrameworksBuildPhase;
			buildActionMask = 2147483647;
			files = (
				6E5877878FFEDE0F30BF5CD8 /* Pods_AutoKeyboardScrollView_Interface_Builder_Example_Tests.framework in Frameworks */,
			);
			runOnlyForDeploymentPostprocessing = 0;
		};
/* End PBXFrameworksBuildPhase section */

/* Begin PBXGroup section */
		607FACC71AFB9204008FA782 = {
			isa = PBXGroup;
			children = (
				607FACF51AFB993E008FA782 /* Podspec Metadata */,
				607FACD21AFB9204008FA782 /* Example */,
				607FACE81AFB9204008FA782 /* Tests */,
				E4B0D6FE1B555DD000DD4055 /* Interface Builder Example */,
				E4B0D7141B555DD000DD4055 /* Interface Builder Example Tests */,
				607FACD11AFB9204008FA782 /* Products */,
				AAA58C7406F805C9DD89F9E0 /* Pods */,
				826FC9AC440B321CA9C032FE /* Frameworks */,
			);
			sourceTree = "<group>";
		};
		607FACD11AFB9204008FA782 /* Products */ = {
			isa = PBXGroup;
			children = (
				607FACD01AFB9204008FA782 /* AutoKeyboardScrollView_Example.app */,
				607FACE51AFB9204008FA782 /* AutoKeyboardScrollView_Tests.xctest */,
				E4B0D6FD1B555DD000DD4055 /* AutoKeyboardScrollView_Interface_Builder_Example.app */,
				E4B0D7111B555DD000DD4055 /* AutoKeyboardScrollView_Interface_Builder_ExampleTests.xctest */,
			);
			name = Products;
			sourceTree = "<group>";
		};
		607FACD21AFB9204008FA782 /* Example */ = {
			isa = PBXGroup;
			children = (
				607FACD51AFB9204008FA782 /* AppDelegate.swift */,
				607FACD71AFB9204008FA782 /* ViewController.swift */,
				607FACDC1AFB9204008FA782 /* Images.xcassets */,
				607FACDE1AFB9204008FA782 /* LaunchScreen.xib */,
				607FACD31AFB9204008FA782 /* Supporting Files */,
			);
			name = Example;
			path = AutoKeyboardScrollView;
			sourceTree = "<group>";
		};
		607FACD31AFB9204008FA782 /* Supporting Files */ = {
			isa = PBXGroup;
			children = (
				607FACD41AFB9204008FA782 /* Info.plist */,
			);
			name = "Supporting Files";
			sourceTree = "<group>";
		};
		607FACE81AFB9204008FA782 /* Tests */ = {
			isa = PBXGroup;
			children = (
				607FACEB1AFB9204008FA782 /* Tests.swift */,
				607FACE91AFB9204008FA782 /* Supporting Files */,
			);
			path = Tests;
			sourceTree = "<group>";
		};
		607FACE91AFB9204008FA782 /* Supporting Files */ = {
			isa = PBXGroup;
			children = (
				607FACEA1AFB9204008FA782 /* Info.plist */,
			);
			name = "Supporting Files";
			sourceTree = "<group>";
		};
		607FACF51AFB993E008FA782 /* Podspec Metadata */ = {
			isa = PBXGroup;
			children = (
				9A15E00113EFE79A3FC683EE /* AutoKeyboardScrollView.podspec */,
				C51FB003352AC080875869F9 /* README.md */,
				8BC5D712B8B492349E019E4C /* LICENSE */,
			);
			name = "Podspec Metadata";
			sourceTree = "<group>";
		};
		826FC9AC440B321CA9C032FE /* Frameworks */ = {
			isa = PBXGroup;
			children = (
				F85836313B23634576CBCD76 /* Pods_AutoKeyboardScrollView_Example.framework */,
				324ACA796B5276937D7A4D4F /* Pods_AutoKeyboardScrollView_Tests.framework */,
				BE859BB109DBC3F310D30A35 /* Pods_AutoKeyboardScrollView_Interface_Builder_Example.framework */,
				FF43ECCA0ECA5E6709FEBEE2 /* Pods_AutoKeyboardScrollView_Interface_Builder_Example_Tests.framework */,
			);
			name = Frameworks;
			sourceTree = "<group>";
		};
		AAA58C7406F805C9DD89F9E0 /* Pods */ = {
			isa = PBXGroup;
			children = (
				0D668F2E2715E370C9383C49 /* Pods-AutoKeyboardScrollView_Example.debug.xcconfig */,
				C993E9935F5754A1B4C8AFCB /* Pods-AutoKeyboardScrollView_Example.release.xcconfig */,
				E7551564CBD6119131583A7A /* Pods-AutoKeyboardScrollView_Tests.debug.xcconfig */,
				0B2379417C025A511ED6273A /* Pods-AutoKeyboardScrollView_Tests.release.xcconfig */,
				652A97B97443F276DD179030 /* Pods-AutoKeyboardScrollView_Interface_Builder_Example.debug.xcconfig */,
				E1839BD3BC0ABC91EDCF24DE /* Pods-AutoKeyboardScrollView_Interface_Builder_Example.release.xcconfig */,
				1B341215B882354EA58D5F75 /* Pods-AutoKeyboardScrollView_Interface_Builder_Example_Tests.debug.xcconfig */,
				0A15C489D25C2525D265400C /* Pods-AutoKeyboardScrollView_Interface_Builder_Example_Tests.release.xcconfig */,
			);
			name = Pods;
			sourceTree = "<group>";
		};
		E4B0D6FE1B555DD000DD4055 /* Interface Builder Example */ = {
			isa = PBXGroup;
			children = (
				E4B0D7011B555DD000DD4055 /* AppDelegate.swift */,
				E4B0D7031B555DD000DD4055 /* ViewController.swift */,
				E43202081B58984C00FCD7C9 /* Main.storyboard */,
				E4B0D7081B555DD000DD4055 /* Images.xcassets */,
				E4B0D70A1B555DD000DD4055 /* LaunchScreen.xib */,
				E4B0D6FF1B555DD000DD4055 /* Supporting Files */,
			);
			name = "Interface Builder Example";
			path = AutoKeyboardScrollView_Interface_Builder_Example;
			sourceTree = "<group>";
		};
		E4B0D6FF1B555DD000DD4055 /* Supporting Files */ = {
			isa = PBXGroup;
			children = (
				E4B0D7001B555DD000DD4055 /* Info.plist */,
			);
			name = "Supporting Files";
			sourceTree = "<group>";
		};
		E4B0D7141B555DD000DD4055 /* Interface Builder Example Tests */ = {
			isa = PBXGroup;
			children = (
				E4B0D7171B555DD000DD4055 /* AutoKeyboardScrollView_Interface_Builder_Example_Tests.swift */,
				E4B0D7151B555DD000DD4055 /* Supporting Files */,
			);
			name = "Interface Builder Example Tests";
			path = AutoKeyboardScrollView_Interface_Builder_ExampleTests;
			sourceTree = "<group>";
		};
		E4B0D7151B555DD000DD4055 /* Supporting Files */ = {
			isa = PBXGroup;
			children = (
				E4B0D7161B555DD000DD4055 /* Info.plist */,
			);
			name = "Supporting Files";
			sourceTree = "<group>";
		};
/* End PBXGroup section */

/* Begin PBXNativeTarget section */
		607FACCF1AFB9204008FA782 /* AutoKeyboardScrollView_Example */ = {
			isa = PBXNativeTarget;
			buildConfigurationList = 607FACEF1AFB9204008FA782 /* Build configuration list for PBXNativeTarget "AutoKeyboardScrollView_Example" */;
			buildPhases = (
				3A2FB141115C56C1A055EA3F /* Check Pods Manifest.lock */,
				607FACCC1AFB9204008FA782 /* Sources */,
				607FACCD1AFB9204008FA782 /* Frameworks */,
				607FACCE1AFB9204008FA782 /* Resources */,
				52E624840F1DCFAA0D293C86 /* Embed Pods Frameworks */,
				130699A0695AF4C658180900 /* Copy Pods Resources */,
			);
			buildRules = (
			);
			dependencies = (
			);
			name = AutoKeyboardScrollView_Example;
			productName = AutoKeyboardScrollView;
			productReference = 607FACD01AFB9204008FA782 /* AutoKeyboardScrollView_Example.app */;
			productType = "com.apple.product-type.application";
		};
		607FACE41AFB9204008FA782 /* AutoKeyboardScrollView_Tests */ = {
			isa = PBXNativeTarget;
			buildConfigurationList = 607FACF21AFB9204008FA782 /* Build configuration list for PBXNativeTarget "AutoKeyboardScrollView_Tests" */;
			buildPhases = (
				9C831F0256083983E35B277E /* Check Pods Manifest.lock */,
				607FACE11AFB9204008FA782 /* Sources */,
				607FACE21AFB9204008FA782 /* Frameworks */,
				607FACE31AFB9204008FA782 /* Resources */,
				3E1ADBA92381EA952614EF10 /* Embed Pods Frameworks */,
				737F677C3EADB3DC6A662D00 /* Copy Pods Resources */,
			);
			buildRules = (
			);
			dependencies = (
				607FACE71AFB9204008FA782 /* PBXTargetDependency */,
			);
			name = AutoKeyboardScrollView_Tests;
			productName = Tests;
			productReference = 607FACE51AFB9204008FA782 /* AutoKeyboardScrollView_Tests.xctest */;
			productType = "com.apple.product-type.bundle.unit-test";
		};
		E4B0D6FC1B555DD000DD4055 /* AutoKeyboardScrollView_Interface_Builder_Example */ = {
			isa = PBXNativeTarget;
			buildConfigurationList = E4B0D7191B555DD000DD4055 /* Build configuration list for PBXNativeTarget "AutoKeyboardScrollView_Interface_Builder_Example" */;
			buildPhases = (
				43D9152DE5BAE535E157E63E /* Check Pods Manifest.lock */,
				E4B0D6F91B555DD000DD4055 /* Sources */,
				E4B0D6FA1B555DD000DD4055 /* Frameworks */,
				E4B0D6FB1B555DD000DD4055 /* Resources */,
				9208B0EB7C6A503F22BAE7C2 /* Embed Pods Frameworks */,
				0808DCACC571148122D073DB /* Copy Pods Resources */,
			);
			buildRules = (
			);
			dependencies = (
			);
			name = AutoKeyboardScrollView_Interface_Builder_Example;
			productName = AutoKeyboardScrollView_Interface_Builder_Example;
			productReference = E4B0D6FD1B555DD000DD4055 /* AutoKeyboardScrollView_Interface_Builder_Example.app */;
			productType = "com.apple.product-type.application";
		};
		E4B0D7101B555DD000DD4055 /* AutoKeyboardScrollView_Interface_Builder_Example_Tests */ = {
			isa = PBXNativeTarget;
			buildConfigurationList = E4B0D71C1B555DD000DD4055 /* Build configuration list for PBXNativeTarget "AutoKeyboardScrollView_Interface_Builder_Example_Tests" */;
			buildPhases = (
				5B88C256D3DD936FE6606AFB /* Check Pods Manifest.lock */,
				E4B0D70D1B555DD000DD4055 /* Sources */,
				E4B0D70E1B555DD000DD4055 /* Frameworks */,
				E4B0D70F1B555DD000DD4055 /* Resources */,
				BFB0C071A7E088318F17F005 /* Embed Pods Frameworks */,
				CE602913E11799847A86B4B0 /* Copy Pods Resources */,
			);
			buildRules = (
			);
			dependencies = (
				E4B0D7131B555DD000DD4055 /* PBXTargetDependency */,
			);
			name = AutoKeyboardScrollView_Interface_Builder_Example_Tests;
			productName = AutoKeyboardScrollView_Interface_Builder_ExampleTests;
			productReference = E4B0D7111B555DD000DD4055 /* AutoKeyboardScrollView_Interface_Builder_ExampleTests.xctest */;
			productType = "com.apple.product-type.bundle.unit-test";
		};
/* End PBXNativeTarget section */

/* Begin PBXProject section */
		607FACC81AFB9204008FA782 /* Project object */ = {
			isa = PBXProject;
			attributes = {
				LastUpgradeCheck = 0630;
				ORGANIZATIONNAME = CocoaPods;
				TargetAttributes = {
					607FACCF1AFB9204008FA782 = {
						CreatedOnToolsVersion = 6.3.1;
					};
					607FACE41AFB9204008FA782 = {
						CreatedOnToolsVersion = 6.3.1;
						TestTargetID = 607FACCF1AFB9204008FA782;
					};
					E4B0D6FC1B555DD000DD4055 = {
						CreatedOnToolsVersion = 6.4;
					};
					E4B0D7101B555DD000DD4055 = {
						CreatedOnToolsVersion = 6.4;
						TestTargetID = E4B0D6FC1B555DD000DD4055;
					};
				};
			};
			buildConfigurationList = 607FACCB1AFB9204008FA782 /* Build configuration list for PBXProject "AutoKeyboardScrollView" */;
			compatibilityVersion = "Xcode 3.2";
			developmentRegion = English;
			hasScannedForEncodings = 0;
			knownRegions = (
				en,
				Base,
			);
			mainGroup = 607FACC71AFB9204008FA782;
			productRefGroup = 607FACD11AFB9204008FA782 /* Products */;
			projectDirPath = "";
			projectRoot = "";
			targets = (
				607FACCF1AFB9204008FA782 /* AutoKeyboardScrollView_Example */,
				607FACE41AFB9204008FA782 /* AutoKeyboardScrollView_Tests */,
				E4B0D6FC1B555DD000DD4055 /* AutoKeyboardScrollView_Interface_Builder_Example */,
				E4B0D7101B555DD000DD4055 /* AutoKeyboardScrollView_Interface_Builder_Example_Tests */,
			);
		};
/* End PBXProject section */

/* Begin PBXResourcesBuildPhase section */
		607FACCE1AFB9204008FA782 /* Resources */ = {
			isa = PBXResourcesBuildPhase;
			buildActionMask = 2147483647;
			files = (
				607FACE01AFB9204008FA782 /* LaunchScreen.xib in Resources */,
				607FACDD1AFB9204008FA782 /* Images.xcassets in Resources */,
			);
			runOnlyForDeploymentPostprocessing = 0;
		};
		607FACE31AFB9204008FA782 /* Resources */ = {
			isa = PBXResourcesBuildPhase;
			buildActionMask = 2147483647;
			files = (
			);
			runOnlyForDeploymentPostprocessing = 0;
		};
		E4B0D6FB1B555DD000DD4055 /* Resources */ = {
			isa = PBXResourcesBuildPhase;
			buildActionMask = 2147483647;
			files = (
				E4B0D70C1B555DD000DD4055 /* LaunchScreen.xib in Resources */,
				E4B0D7091B555DD000DD4055 /* Images.xcassets in Resources */,
				E43202091B58984C00FCD7C9 /* Main.storyboard in Resources */,
			);
			runOnlyForDeploymentPostprocessing = 0;
		};
		E4B0D70F1B555DD000DD4055 /* Resources */ = {
			isa = PBXResourcesBuildPhase;
			buildActionMask = 2147483647;
			files = (
			);
			runOnlyForDeploymentPostprocessing = 0;
		};
/* End PBXResourcesBuildPhase section */

/* Begin PBXShellScriptBuildPhase section */
		0808DCACC571148122D073DB /* Copy Pods Resources */ = {
			isa = PBXShellScriptBuildPhase;
			buildActionMask = 2147483647;
			files = (
			);
			inputPaths = (
			);
			name = "Copy Pods Resources";
			outputPaths = (
			);
			runOnlyForDeploymentPostprocessing = 0;
			shellPath = /bin/sh;
			shellScript = "\"${SRCROOT}/Pods/Target Support Files/Pods-AutoKeyboardScrollView_Interface_Builder_Example/Pods-AutoKeyboardScrollView_Interface_Builder_Example-resources.sh\"\n";
			showEnvVarsInLog = 0;
		};
		130699A0695AF4C658180900 /* Copy Pods Resources */ = {
			isa = PBXShellScriptBuildPhase;
			buildActionMask = 2147483647;
			files = (
			);
			inputPaths = (
			);
			name = "Copy Pods Resources";
			outputPaths = (
			);
			runOnlyForDeploymentPostprocessing = 0;
			shellPath = /bin/sh;
			shellScript = "\"${SRCROOT}/Pods/Target Support Files/Pods-AutoKeyboardScrollView_Example/Pods-AutoKeyboardScrollView_Example-resources.sh\"\n";
			showEnvVarsInLog = 0;
		};
		3A2FB141115C56C1A055EA3F /* Check Pods Manifest.lock */ = {
			isa = PBXShellScriptBuildPhase;
			buildActionMask = 2147483647;
			files = (
			);
			inputPaths = (
			);
			name = "Check Pods Manifest.lock";
			outputPaths = (
			);
			runOnlyForDeploymentPostprocessing = 0;
			shellPath = /bin/sh;
			shellScript = "diff \"${PODS_ROOT}/../Podfile.lock\" \"${PODS_ROOT}/Manifest.lock\" > /dev/null\nif [[ $? != 0 ]] ; then\n    cat << EOM\nerror: The sandbox is not in sync with the Podfile.lock. Run 'pod install' or update your CocoaPods installation.\nEOM\n    exit 1\nfi\n";
			showEnvVarsInLog = 0;
		};
		3E1ADBA92381EA952614EF10 /* Embed Pods Frameworks */ = {
			isa = PBXShellScriptBuildPhase;
			buildActionMask = 2147483647;
			files = (
			);
			inputPaths = (
			);
			name = "Embed Pods Frameworks";
			outputPaths = (
			);
			runOnlyForDeploymentPostprocessing = 0;
			shellPath = /bin/sh;
			shellScript = "\"${SRCROOT}/Pods/Target Support Files/Pods-AutoKeyboardScrollView_Tests/Pods-AutoKeyboardScrollView_Tests-frameworks.sh\"\n";
			showEnvVarsInLog = 0;
		};
		43D9152DE5BAE535E157E63E /* Check Pods Manifest.lock */ = {
			isa = PBXShellScriptBuildPhase;
			buildActionMask = 2147483647;
			files = (
			);
			inputPaths = (
			);
			name = "Check Pods Manifest.lock";
			outputPaths = (
			);
			runOnlyForDeploymentPostprocessing = 0;
			shellPath = /bin/sh;
			shellScript = "diff \"${PODS_ROOT}/../Podfile.lock\" \"${PODS_ROOT}/Manifest.lock\" > /dev/null\nif [[ $? != 0 ]] ; then\n    cat << EOM\nerror: The sandbox is not in sync with the Podfile.lock. Run 'pod install' or update your CocoaPods installation.\nEOM\n    exit 1\nfi\n";
			showEnvVarsInLog = 0;
		};
		52E624840F1DCFAA0D293C86 /* Embed Pods Frameworks */ = {
			isa = PBXShellScriptBuildPhase;
			buildActionMask = 2147483647;
			files = (
			);
			inputPaths = (
			);
			name = "Embed Pods Frameworks";
			outputPaths = (
			);
			runOnlyForDeploymentPostprocessing = 0;
			shellPath = /bin/sh;
			shellScript = "\"${SRCROOT}/Pods/Target Support Files/Pods-AutoKeyboardScrollView_Example/Pods-AutoKeyboardScrollView_Example-frameworks.sh\"\n";
			showEnvVarsInLog = 0;
		};
		5B88C256D3DD936FE6606AFB /* Check Pods Manifest.lock */ = {
			isa = PBXShellScriptBuildPhase;
			buildActionMask = 2147483647;
			files = (
			);
			inputPaths = (
			);
			name = "Check Pods Manifest.lock";
			outputPaths = (
			);
			runOnlyForDeploymentPostprocessing = 0;
			shellPath = /bin/sh;
			shellScript = "diff \"${PODS_ROOT}/../Podfile.lock\" \"${PODS_ROOT}/Manifest.lock\" > /dev/null\nif [[ $? != 0 ]] ; then\n    cat << EOM\nerror: The sandbox is not in sync with the Podfile.lock. Run 'pod install' or update your CocoaPods installation.\nEOM\n    exit 1\nfi\n";
			showEnvVarsInLog = 0;
		};
		737F677C3EADB3DC6A662D00 /* Copy Pods Resources */ = {
			isa = PBXShellScriptBuildPhase;
			buildActionMask = 2147483647;
			files = (
			);
			inputPaths = (
			);
			name = "Copy Pods Resources";
			outputPaths = (
			);
			runOnlyForDeploymentPostprocessing = 0;
			shellPath = /bin/sh;
			shellScript = "\"${SRCROOT}/Pods/Target Support Files/Pods-AutoKeyboardScrollView_Tests/Pods-AutoKeyboardScrollView_Tests-resources.sh\"\n";
			showEnvVarsInLog = 0;
		};
		9208B0EB7C6A503F22BAE7C2 /* Embed Pods Frameworks */ = {
			isa = PBXShellScriptBuildPhase;
			buildActionMask = 2147483647;
			files = (
			);
			inputPaths = (
			);
			name = "Embed Pods Frameworks";
			outputPaths = (
			);
			runOnlyForDeploymentPostprocessing = 0;
			shellPath = /bin/sh;
			shellScript = "\"${SRCROOT}/Pods/Target Support Files/Pods-AutoKeyboardScrollView_Interface_Builder_Example/Pods-AutoKeyboardScrollView_Interface_Builder_Example-frameworks.sh\"\n";
			showEnvVarsInLog = 0;
		};
		9C831F0256083983E35B277E /* Check Pods Manifest.lock */ = {
			isa = PBXShellScriptBuildPhase;
			buildActionMask = 2147483647;
			files = (
			);
			inputPaths = (
			);
			name = "Check Pods Manifest.lock";
			outputPaths = (
			);
			runOnlyForDeploymentPostprocessing = 0;
			shellPath = /bin/sh;
			shellScript = "diff \"${PODS_ROOT}/../Podfile.lock\" \"${PODS_ROOT}/Manifest.lock\" > /dev/null\nif [[ $? != 0 ]] ; then\n    cat << EOM\nerror: The sandbox is not in sync with the Podfile.lock. Run 'pod install' or update your CocoaPods installation.\nEOM\n    exit 1\nfi\n";
			showEnvVarsInLog = 0;
		};
		BFB0C071A7E088318F17F005 /* Embed Pods Frameworks */ = {
			isa = PBXShellScriptBuildPhase;
			buildActionMask = 2147483647;
			files = (
			);
			inputPaths = (
			);
			name = "Embed Pods Frameworks";
			outputPaths = (
			);
			runOnlyForDeploymentPostprocessing = 0;
			shellPath = /bin/sh;
			shellScript = "\"${SRCROOT}/Pods/Target Support Files/Pods-AutoKeyboardScrollView_Interface_Builder_Example_Tests/Pods-AutoKeyboardScrollView_Interface_Builder_Example_Tests-frameworks.sh\"\n";
			showEnvVarsInLog = 0;
		};
		CE602913E11799847A86B4B0 /* Copy Pods Resources */ = {
			isa = PBXShellScriptBuildPhase;
			buildActionMask = 2147483647;
			files = (
			);
			inputPaths = (
			);
			name = "Copy Pods Resources";
			outputPaths = (
			);
			runOnlyForDeploymentPostprocessing = 0;
			shellPath = /bin/sh;
			shellScript = "\"${SRCROOT}/Pods/Target Support Files/Pods-AutoKeyboardScrollView_Interface_Builder_Example_Tests/Pods-AutoKeyboardScrollView_Interface_Builder_Example_Tests-resources.sh\"\n";
			showEnvVarsInLog = 0;
		};
/* End PBXShellScriptBuildPhase section */

/* Begin PBXSourcesBuildPhase section */
		607FACCC1AFB9204008FA782 /* Sources */ = {
			isa = PBXSourcesBuildPhase;
			buildActionMask = 2147483647;
			files = (
				607FACD81AFB9204008FA782 /* ViewController.swift in Sources */,
				607FACD61AFB9204008FA782 /* AppDelegate.swift in Sources */,
			);
			runOnlyForDeploymentPostprocessing = 0;
		};
		607FACE11AFB9204008FA782 /* Sources */ = {
			isa = PBXSourcesBuildPhase;
			buildActionMask = 2147483647;
			files = (
				607FACEC1AFB9204008FA782 /* Tests.swift in Sources */,
			);
			runOnlyForDeploymentPostprocessing = 0;
		};
		E4B0D6F91B555DD000DD4055 /* Sources */ = {
			isa = PBXSourcesBuildPhase;
			buildActionMask = 2147483647;
			files = (
				E4B0D7041B555DD000DD4055 /* ViewController.swift in Sources */,
				E4B0D7021B555DD000DD4055 /* AppDelegate.swift in Sources */,
			);
			runOnlyForDeploymentPostprocessing = 0;
		};
		E4B0D70D1B555DD000DD4055 /* Sources */ = {
			isa = PBXSourcesBuildPhase;
			buildActionMask = 2147483647;
			files = (
				E4B0D7181B555DD000DD4055 /* AutoKeyboardScrollView_Interface_Builder_Example_Tests.swift in Sources */,
			);
			runOnlyForDeploymentPostprocessing = 0;
		};
/* End PBXSourcesBuildPhase section */

/* Begin PBXTargetDependency section */
		607FACE71AFB9204008FA782 /* PBXTargetDependency */ = {
			isa = PBXTargetDependency;
			target = 607FACCF1AFB9204008FA782 /* AutoKeyboardScrollView_Example */;
			targetProxy = 607FACE61AFB9204008FA782 /* PBXContainerItemProxy */;
		};
		E4B0D7131B555DD000DD4055 /* PBXTargetDependency */ = {
			isa = PBXTargetDependency;
			target = E4B0D6FC1B555DD000DD4055 /* AutoKeyboardScrollView_Interface_Builder_Example */;
			targetProxy = E4B0D7121B555DD000DD4055 /* PBXContainerItemProxy */;
		};
/* End PBXTargetDependency section */

/* Begin PBXVariantGroup section */
		607FACDE1AFB9204008FA782 /* LaunchScreen.xib */ = {
			isa = PBXVariantGroup;
			children = (
				607FACDF1AFB9204008FA782 /* Base */,
			);
			name = LaunchScreen.xib;
			sourceTree = "<group>";
		};
		E4B0D70A1B555DD000DD4055 /* LaunchScreen.xib */ = {
			isa = PBXVariantGroup;
			children = (
				E4B0D70B1B555DD000DD4055 /* Base */,
			);
			name = LaunchScreen.xib;
			sourceTree = "<group>";
		};
/* End PBXVariantGroup section */

/* Begin XCBuildConfiguration section */
		607FACED1AFB9204008FA782 /* Debug */ = {
			isa = XCBuildConfiguration;
			buildSettings = {
				ALWAYS_SEARCH_USER_PATHS = NO;
				CLANG_CXX_LANGUAGE_STANDARD = "gnu++0x";
				CLANG_CXX_LIBRARY = "libc++";
				CLANG_ENABLE_MODULES = YES;
				CLANG_ENABLE_OBJC_ARC = YES;
				CLANG_WARN_BOOL_CONVERSION = YES;
				CLANG_WARN_CONSTANT_CONVERSION = YES;
				CLANG_WARN_DIRECT_OBJC_ISA_USAGE = YES_ERROR;
				CLANG_WARN_EMPTY_BODY = YES;
				CLANG_WARN_ENUM_CONVERSION = YES;
				CLANG_WARN_INT_CONVERSION = YES;
				CLANG_WARN_OBJC_ROOT_CLASS = YES_ERROR;
				CLANG_WARN_UNREACHABLE_CODE = YES;
				CLANG_WARN__DUPLICATE_METHOD_MATCH = YES;
				"CODE_SIGN_IDENTITY[sdk=iphoneos*]" = "iPhone Developer";
				COPY_PHASE_STRIP = NO;
				DEBUG_INFORMATION_FORMAT = "dwarf-with-dsym";
				ENABLE_STRICT_OBJC_MSGSEND = YES;
				GCC_C_LANGUAGE_STANDARD = gnu99;
				GCC_DYNAMIC_NO_PIC = NO;
				GCC_NO_COMMON_BLOCKS = YES;
				GCC_OPTIMIZATION_LEVEL = 0;
				GCC_PREPROCESSOR_DEFINITIONS = (
					"DEBUG=1",
					"$(inherited)",
				);
				GCC_SYMBOLS_PRIVATE_EXTERN = NO;
				GCC_WARN_64_TO_32_BIT_CONVERSION = YES;
				GCC_WARN_ABOUT_RETURN_TYPE = YES_ERROR;
				GCC_WARN_UNDECLARED_SELECTOR = YES;
				GCC_WARN_UNINITIALIZED_AUTOS = YES_AGGRESSIVE;
				GCC_WARN_UNUSED_FUNCTION = YES;
				GCC_WARN_UNUSED_VARIABLE = YES;
				IPHONEOS_DEPLOYMENT_TARGET = 8.3;
				MTL_ENABLE_DEBUG_INFO = YES;
				ONLY_ACTIVE_ARCH = YES;
				SDKROOT = iphoneos;
				SWIFT_OPTIMIZATION_LEVEL = "-Onone";
			};
			name = Debug;
		};
		607FACEE1AFB9204008FA782 /* Release */ = {
			isa = XCBuildConfiguration;
			buildSettings = {
				ALWAYS_SEARCH_USER_PATHS = NO;
				CLANG_CXX_LANGUAGE_STANDARD = "gnu++0x";
				CLANG_CXX_LIBRARY = "libc++";
				CLANG_ENABLE_MODULES = YES;
				CLANG_ENABLE_OBJC_ARC = YES;
				CLANG_WARN_BOOL_CONVERSION = YES;
				CLANG_WARN_CONSTANT_CONVERSION = YES;
				CLANG_WARN_DIRECT_OBJC_ISA_USAGE = YES_ERROR;
				CLANG_WARN_EMPTY_BODY = YES;
				CLANG_WARN_ENUM_CONVERSION = YES;
				CLANG_WARN_INT_CONVERSION = YES;
				CLANG_WARN_OBJC_ROOT_CLASS = YES_ERROR;
				CLANG_WARN_UNREACHABLE_CODE = YES;
				CLANG_WARN__DUPLICATE_METHOD_MATCH = YES;
				"CODE_SIGN_IDENTITY[sdk=iphoneos*]" = "iPhone Developer";
				COPY_PHASE_STRIP = NO;
				DEBUG_INFORMATION_FORMAT = "dwarf-with-dsym";
				ENABLE_NS_ASSERTIONS = NO;
				ENABLE_STRICT_OBJC_MSGSEND = YES;
				GCC_C_LANGUAGE_STANDARD = gnu99;
				GCC_NO_COMMON_BLOCKS = YES;
				GCC_WARN_64_TO_32_BIT_CONVERSION = YES;
				GCC_WARN_ABOUT_RETURN_TYPE = YES_ERROR;
				GCC_WARN_UNDECLARED_SELECTOR = YES;
				GCC_WARN_UNINITIALIZED_AUTOS = YES_AGGRESSIVE;
				GCC_WARN_UNUSED_FUNCTION = YES;
				GCC_WARN_UNUSED_VARIABLE = YES;
				IPHONEOS_DEPLOYMENT_TARGET = 8.3;
				MTL_ENABLE_DEBUG_INFO = NO;
				SDKROOT = iphoneos;
				VALIDATE_PRODUCT = YES;
			};
			name = Release;
		};
		607FACF01AFB9204008FA782 /* Debug */ = {
			isa = XCBuildConfiguration;
			baseConfigurationReference = 0D668F2E2715E370C9383C49 /* Pods-AutoKeyboardScrollView_Example.debug.xcconfig */;
			buildSettings = {
				ASSETCATALOG_COMPILER_APPICON_NAME = AppIcon;
				INFOPLIST_FILE = AutoKeyboardScrollView/Info.plist;
				LD_RUNPATH_SEARCH_PATHS = "$(inherited) @executable_path/Frameworks";
				MODULE_NAME = ExampleApp;
				PRODUCT_NAME = "$(TARGET_NAME)";
			};
			name = Debug;
		};
		607FACF11AFB9204008FA782 /* Release */ = {
			isa = XCBuildConfiguration;
			baseConfigurationReference = C993E9935F5754A1B4C8AFCB /* Pods-AutoKeyboardScrollView_Example.release.xcconfig */;
			buildSettings = {
				ASSETCATALOG_COMPILER_APPICON_NAME = AppIcon;
				INFOPLIST_FILE = AutoKeyboardScrollView/Info.plist;
				LD_RUNPATH_SEARCH_PATHS = "$(inherited) @executable_path/Frameworks";
				MODULE_NAME = ExampleApp;
				PRODUCT_NAME = "$(TARGET_NAME)";
			};
			name = Release;
		};
		607FACF31AFB9204008FA782 /* Debug */ = {
			isa = XCBuildConfiguration;
			baseConfigurationReference = E7551564CBD6119131583A7A /* Pods-AutoKeyboardScrollView_Tests.debug.xcconfig */;
			buildSettings = {
				BUNDLE_LOADER = "$(TEST_HOST)";
				FRAMEWORK_SEARCH_PATHS = (
					"$(SDKROOT)/Developer/Library/Frameworks",
					"$(inherited)",
				);
				GCC_PREPROCESSOR_DEFINITIONS = (
					"DEBUG=1",
					"$(inherited)",
				);
				INFOPLIST_FILE = Tests/Info.plist;
				LD_RUNPATH_SEARCH_PATHS = "$(inherited) @executable_path/Frameworks @loader_path/Frameworks";
				PRODUCT_NAME = "$(TARGET_NAME)";
				TEST_HOST = "$(BUILT_PRODUCTS_DIR)/AutoKeyboardScrollView_Example.app/AutoKeyboardScrollView_Example";
			};
			name = Debug;
		};
		607FACF41AFB9204008FA782 /* Release */ = {
			isa = XCBuildConfiguration;
			baseConfigurationReference = 0B2379417C025A511ED6273A /* Pods-AutoKeyboardScrollView_Tests.release.xcconfig */;
			buildSettings = {
				BUNDLE_LOADER = "$(TEST_HOST)";
				FRAMEWORK_SEARCH_PATHS = (
					"$(SDKROOT)/Developer/Library/Frameworks",
					"$(inherited)",
				);
				INFOPLIST_FILE = Tests/Info.plist;
				LD_RUNPATH_SEARCH_PATHS = "$(inherited) @executable_path/Frameworks @loader_path/Frameworks";
				PRODUCT_NAME = "$(TARGET_NAME)";
				TEST_HOST = "$(BUILT_PRODUCTS_DIR)/AutoKeyboardScrollView_Example.app/AutoKeyboardScrollView_Example";
			};
			name = Release;
		};
		E4B0D71A1B555DD000DD4055 /* Debug */ = {
			isa = XCBuildConfiguration;
			baseConfigurationReference = 652A97B97443F276DD179030 /* Pods-AutoKeyboardScrollView_Interface_Builder_Example.debug.xcconfig */;
			buildSettings = {
				ASSETCATALOG_COMPILER_APPICON_NAME = AppIcon;
				GCC_PREPROCESSOR_DEFINITIONS = (
					"DEBUG=1",
					"$(inherited)",
				);
				INFOPLIST_FILE = AutoKeyboardScrollView_Interface_Builder_Example/Info.plist;
				IPHONEOS_DEPLOYMENT_TARGET = 8.4;
				LD_RUNPATH_SEARCH_PATHS = "$(inherited) @executable_path/Frameworks";
				PRODUCT_NAME = "$(TARGET_NAME)";
				TARGETED_DEVICE_FAMILY = 1;
			};
			name = Debug;
		};
		E4B0D71B1B555DD000DD4055 /* Release */ = {
			isa = XCBuildConfiguration;
			baseConfigurationReference = E1839BD3BC0ABC91EDCF24DE /* Pods-AutoKeyboardScrollView_Interface_Builder_Example.release.xcconfig */;
			buildSettings = {
				ASSETCATALOG_COMPILER_APPICON_NAME = AppIcon;
				INFOPLIST_FILE = AutoKeyboardScrollView_Interface_Builder_Example/Info.plist;
				IPHONEOS_DEPLOYMENT_TARGET = 8.4;
				LD_RUNPATH_SEARCH_PATHS = "$(inherited) @executable_path/Frameworks";
				PRODUCT_NAME = "$(TARGET_NAME)";
				TARGETED_DEVICE_FAMILY = 1;
			};
			name = Release;
		};
		E4B0D71D1B555DD000DD4055 /* Debug */ = {
			isa = XCBuildConfiguration;
			baseConfigurationReference = 1B341215B882354EA58D5F75 /* Pods-AutoKeyboardScrollView_Interface_Builder_Example_Tests.debug.xcconfig */;
			buildSettings = {
				BUNDLE_LOADER = "$(TEST_HOST)";
				FRAMEWORK_SEARCH_PATHS = (
					"$(SDKROOT)/Developer/Library/Frameworks",
					"$(inherited)",
				);
				GCC_PREPROCESSOR_DEFINITIONS = (
					"DEBUG=1",
					"$(inherited)",
				);
				INFOPLIST_FILE = AutoKeyboardScrollView_Interface_Builder_ExampleTests/Info.plist;
				IPHONEOS_DEPLOYMENT_TARGET = 8.4;
				LD_RUNPATH_SEARCH_PATHS = "$(inherited) @executable_path/Frameworks @loader_path/Frameworks";
				PRODUCT_NAME = "$(TARGET_NAME)";
				TEST_HOST = "$(BUILT_PRODUCTS_DIR)/AutoKeyboardScrollView_Interface_Builder_Example.app/AutoKeyboardScrollView_Interface_Builder_Example";
			};
			name = Debug;
		};
		E4B0D71E1B555DD000DD4055 /* Release */ = {
			isa = XCBuildConfiguration;
			baseConfigurationReference = 0A15C489D25C2525D265400C /* Pods-AutoKeyboardScrollView_Interface_Builder_Example_Tests.release.xcconfig */;
			buildSettings = {
				BUNDLE_LOADER = "$(TEST_HOST)";
				FRAMEWORK_SEARCH_PATHS = (
					"$(SDKROOT)/Developer/Library/Frameworks",
					"$(inherited)",
				);
				INFOPLIST_FILE = AutoKeyboardScrollView_Interface_Builder_ExampleTests/Info.plist;
				IPHONEOS_DEPLOYMENT_TARGET = 8.4;
				LD_RUNPATH_SEARCH_PATHS = "$(inherited) @executable_path/Frameworks @loader_path/Frameworks";
				PRODUCT_NAME = "$(TARGET_NAME)";
				TEST_HOST = "$(BUILT_PRODUCTS_DIR)/AutoKeyboardScrollView_Interface_Builder_Example.app/AutoKeyboardScrollView_Interface_Builder_Example";
			};
			name = Release;
		};
/* End XCBuildConfiguration section */

/* Begin XCConfigurationList section */
		607FACCB1AFB9204008FA782 /* Build configuration list for PBXProject "AutoKeyboardScrollView" */ = {
			isa = XCConfigurationList;
			buildConfigurations = (
				607FACED1AFB9204008FA782 /* Debug */,
				607FACEE1AFB9204008FA782 /* Release */,
			);
			defaultConfigurationIsVisible = 0;
			defaultConfigurationName = Release;
		};
		607FACEF1AFB9204008FA782 /* Build configuration list for PBXNativeTarget "AutoKeyboardScrollView_Example" */ = {
			isa = XCConfigurationList;
			buildConfigurations = (
				607FACF01AFB9204008FA782 /* Debug */,
				607FACF11AFB9204008FA782 /* Release */,
			);
			defaultConfigurationIsVisible = 0;
			defaultConfigurationName = Release;
		};
		607FACF21AFB9204008FA782 /* Build configuration list for PBXNativeTarget "AutoKeyboardScrollView_Tests" */ = {
			isa = XCConfigurationList;
			buildConfigurations = (
				607FACF31AFB9204008FA782 /* Debug */,
				607FACF41AFB9204008FA782 /* Release */,
			);
			defaultConfigurationIsVisible = 0;
			defaultConfigurationName = Release;
		};
		E4B0D7191B555DD000DD4055 /* Build configuration list for PBXNativeTarget "AutoKeyboardScrollView_Interface_Builder_Example" */ = {
			isa = XCConfigurationList;
			buildConfigurations = (
				E4B0D71A1B555DD000DD4055 /* Debug */,
				E4B0D71B1B555DD000DD4055 /* Release */,
			);
			defaultConfigurationIsVisible = 0;
			defaultConfigurationName = Release;
		};
		E4B0D71C1B555DD000DD4055 /* Build configuration list for PBXNativeTarget "AutoKeyboardScrollView_Interface_Builder_Example_Tests" */ = {
			isa = XCConfigurationList;
			buildConfigurations = (
				E4B0D71D1B555DD000DD4055 /* Debug */,
				E4B0D71E1B555DD000DD4055 /* Release */,
			);
			defaultConfigurationIsVisible = 0;
			defaultConfigurationName = Release;
		};
/* End XCConfigurationList section */
	};
	rootObject = 607FACC81AFB9204008FA782 /* Project object */;
}
